
Microsoft Visual Studio Solution File, Format Version 12.00
# Visual Studio 14
VisualStudioVersion = 14.0.24720.0
MinimumVisualStudioVersion = 10.0.40219.1
Project("{2150E333-8FDC-42A3-9474-1A3956D46DE8}") = "PRGX.SIMTrax.Service", "PRGX.SIMTrax.Service", "{D2EE4D19-7FE3-4125-9738-74A3EB4A21A5}"
EndProject
Project("{FAE04EC0-301F-11D3-BF4B-00C04F79EFBC}") = "PRGX.SIMTrax.ServiceFacade", "PRGX.SIMTrax.Service\PRGX.SIMTrax.ServiceFacade\PRGX.SIMTrax.ServiceFacade.csproj", "{D62E4737-5AD4-4C5B-B209-B0219912194E}"
EndProject
Project("{2150E333-8FDC-42A3-9474-1A3956D46DE8}") = "PRGX.SIMTrax.DAL", "PRGX.SIMTrax.DAL", "{B3A60E1B-E6A2-4D13-B410-8B8F6107E51F}"
EndProject
Project("{FAE04EC0-301F-11D3-BF4B-00C04F79EFBC}") = "PRGX.SIMTrax.DAL", "PRGX.SIMTrax.DAL\PRGX.SIMTrax.DAL\PRGX.SIMTrax.DAL.csproj", "{C2721250-C038-4354-9AE0-6B19DCA5E73E}"
EndProject
Project("{FAE04EC0-301F-11D3-BF4B-00C04F79EFBC}") = "PRGX.SIMTrax.DAL.Entity", "PRGX.SIMTrax.DAL\PRGX.SIMTrax.DAL.Entity\PRGX.SIMTrax.DAL.Entity.csproj", "{EDA9141C-231B-49F4-8168-BD91B57985F1}"
EndProject
Project("{FAE04EC0-301F-11D3-BF4B-00C04F79EFBC}") = "PRGX.SIMTrax.DAL.Test", "PRGX.SIMTrax.DAL\PRGX.SIMTrax.DAL.Test\PRGX.SIMTrax.DAL.Test.csproj", "{3466C67E-D6C0-4EB2-AF27-C86F80FB12B2}"
EndProject
Project("{2150E333-8FDC-42A3-9474-1A3956D46DE8}") = "PRGX.SIMTrax.Domain", "PRGX.SIMTrax.Domain", "{F6A60DEB-FE97-4F8D-8292-F245A9283920}"
EndProject
Project("{FAE04EC0-301F-11D3-BF4B-00C04F79EFBC}") = "PRGX.SIMTrax.Domain.Util", "PRGX.SIMTrax.Domain\PRGX.SIMTrax.Domain.Util\PRGX.SIMTrax.Domain.Util.csproj", "{F4F03853-5612-4203-B643-4B55D19D6219}"
EndProject
Project("{FAE04EC0-301F-11D3-BF4B-00C04F79EFBC}") = "PRGX.SIMTrax.Domain.Model", "PRGX.SIMTrax.Domain\PRGX.SIMTrax.Domain.Model\PRGX.SIMTrax.Domain.Model.csproj", "{05B1DF77-0F12-4A52-84C2-60739AD49355}"
EndProject
Project("{FAE04EC0-301F-11D3-BF4B-00C04F79EFBC}") = "PRGX.SIMTrax.ServiceFacade.Abstract", "PRGX.SIMTrax.Service\PRGX.SIMTrax.ServiceFacade.Abstract\PRGX.SIMTrax.ServiceFacade.Abstract.csproj", "{7E893D49-60A9-4570-974A-C718D7B7A1B7}"
EndProject
Project("{FAE04EC0-301F-11D3-BF4B-00C04F79EFBC}") = "PRGX.SIMTrax.DAL.Abstract", "PRGX.SIMTrax.DAL\PRGX.SIMTrax.DAL.Abstract\PRGX.SIMTrax.DAL.Abstract.csproj", "{A0CB1F92-077E-44AD-A753-6384D6BBCD5B}"
EndProject
Project("{FAE04EC0-301F-11D3-BF4B-00C04F79EFBC}") = "PRGX.SIMTrax.ViewModel", "PRGX.SIMTrax.ViewModel\PRGX.SIMTrax.ViewModel.csproj", "{DD38AD60-B6D1-4DA0-B83D-14214EF2C64D}"
EndProject
Project("{FAE04EC0-301F-11D3-BF4B-00C04F79EFBC}") = "PRGX.SIMTrax.Web", "PRGX.SIMTrax.Web\PRGX.SIMTrax.Web.csproj", "{8B46DC1F-11E0-4BB7-B943-D6F28743E3C9}"
EndProject
Project("{FAE04EC0-301F-11D3-BF4B-00C04F79EFBC}") = "PRGX.SIMTrax.DAL.Repository", "PRGX.SIMTrax.DAL\PRGX.SIMTrax.DAL.Repository\PRGX.SIMTrax.DAL.Repository.csproj", "{26D8CD1F-771A-452E-8C37-3C44D0E796A6}"
EndProject
Project("{FAE04EC0-301F-11D3-BF4B-00C04F79EFBC}") = "PRGX.SIMTrax.DAL.Repository.Abstract", "PRGX.SIMTrax.DAL\PRGX.SIMTrax.DAL.Repository.Abstract\PRGX.SIMTrax.DAL.Repository.Abstract.csproj", "{87FD1B2D-91A7-442F-9B85-8C213FCABB3C}"
EndProject
Project("{FAE04EC0-301F-11D3-BF4B-00C04F79EFBC}") = "PRGX.SIMTrax.Domain.Resource", "PRGX.SIMTrax.Domain\PRGX.SIMTrax.Domain.Resource\PRGX.SIMTrax.Domain.Resource.csproj", "{3322E5E6-3029-43F6-883E-CFFF6F907484}"
EndProject
Global
	GlobalSection(SolutionConfigurationPlatforms) = preSolution
		Debug|Any CPU = Debug|Any CPU
		Release|Any CPU = Release|Any CPU
	EndGlobalSection
	GlobalSection(ProjectConfigurationPlatforms) = postSolution
		{D62E4737-5AD4-4C5B-B209-B0219912194E}.Debug|Any CPU.ActiveCfg = Debug|Any CPU
		{D62E4737-5AD4-4C5B-B209-B0219912194E}.Debug|Any CPU.Build.0 = Debug|Any CPU
		{D62E4737-5AD4-4C5B-B209-B0219912194E}.Release|Any CPU.ActiveCfg = Release|Any CPU
		{D62E4737-5AD4-4C5B-B209-B0219912194E}.Release|Any CPU.Build.0 = Release|Any CPU
		{C2721250-C038-4354-9AE0-6B19DCA5E73E}.Debug|Any CPU.ActiveCfg = Debug|Any CPU
		{C2721250-C038-4354-9AE0-6B19DCA5E73E}.Debug|Any CPU.Build.0 = Debug|Any CPU
		{C2721250-C038-4354-9AE0-6B19DCA5E73E}.Release|Any CPU.ActiveCfg = Release|Any CPU
		{C2721250-C038-4354-9AE0-6B19DCA5E73E}.Release|Any CPU.Build.0 = Release|Any CPU
		{EDA9141C-231B-49F4-8168-BD91B57985F1}.Debug|Any CPU.ActiveCfg = Debug|Any CPU
		{EDA9141C-231B-49F4-8168-BD91B57985F1}.Debug|Any CPU.Build.0 = Debug|Any CPU
		{EDA9141C-231B-49F4-8168-BD91B57985F1}.Release|Any CPU.ActiveCfg = Release|Any CPU
		{EDA9141C-231B-49F4-8168-BD91B57985F1}.Release|Any CPU.Build.0 = Release|Any CPU
		{3466C67E-D6C0-4EB2-AF27-C86F80FB12B2}.Debug|Any CPU.ActiveCfg = Debug|Any CPU
		{3466C67E-D6C0-4EB2-AF27-C86F80FB12B2}.Debug|Any CPU.Build.0 = Debug|Any CPU
		{3466C67E-D6C0-4EB2-AF27-C86F80FB12B2}.Release|Any CPU.ActiveCfg = Release|Any CPU
		{3466C67E-D6C0-4EB2-AF27-C86F80FB12B2}.Release|Any CPU.Build.0 = Release|Any CPU
		{F4F03853-5612-4203-B643-4B55D19D6219}.Debug|Any CPU.ActiveCfg = Debug|Any CPU
		{F4F03853-5612-4203-B643-4B55D19D6219}.Debug|Any CPU.Build.0 = Debug|Any CPU
		{F4F03853-5612-4203-B643-4B55D19D6219}.Release|Any CPU.ActiveCfg = Release|Any CPU
		{F4F03853-5612-4203-B643-4B55D19D6219}.Release|Any CPU.Build.0 = Release|Any CPU
		{05B1DF77-0F12-4A52-84C2-60739AD49355}.Debug|Any CPU.ActiveCfg = Debug|Any CPU
		{05B1DF77-0F12-4A52-84C2-60739AD49355}.Debug|Any CPU.Build.0 = Debug|Any CPU
		{05B1DF77-0F12-4A52-84C2-60739AD49355}.Release|Any CPU.ActiveCfg = Release|Any CPU
		{05B1DF77-0F12-4A52-84C2-60739AD49355}.Release|Any CPU.Build.0 = Release|Any CPU
		{7E893D49-60A9-4570-974A-C718D7B7A1B7}.Debug|Any CPU.ActiveCfg = Debug|Any CPU
		{7E893D49-60A9-4570-974A-C718D7B7A1B7}.Debug|Any CPU.Build.0 = Debug|Any CPU
		{7E893D49-60A9-4570-974A-C718D7B7A1B7}.Release|Any CPU.ActiveCfg = Release|Any CPU
		{7E893D49-60A9-4570-974A-C718D7B7A1B7}.Release|Any CPU.Build.0 = Release|Any CPU
		{A0CB1F92-077E-44AD-A753-6384D6BBCD5B}.Debug|Any CPU.ActiveCfg = Debug|Any CPU
		{A0CB1F92-077E-44AD-A753-6384D6BBCD5B}.Debug|Any CPU.Build.0 = Debug|Any CPU
		{A0CB1F92-077E-44AD-A753-6384D6BBCD5B}.Release|Any CPU.ActiveCfg = Release|Any CPU
		{A0CB1F92-077E-44AD-A753-6384D6BBCD5B}.Release|Any CPU.Build.0 = Release|Any CPU
		{DD38AD60-B6D1-4DA0-B83D-14214EF2C64D}.Debug|Any CPU.ActiveCfg = Debug|Any CPU
		{DD38AD60-B6D1-4DA0-B83D-14214EF2C64D}.Debug|Any CPU.Build.0 = Debug|Any CPU
		{DD38AD60-B6D1-4DA0-B83D-14214EF2C64D}.Release|Any CPU.ActiveCfg = Release|Any CPU
		{DD38AD60-B6D1-4DA0-B83D-14214EF2C64D}.Release|Any CPU.Build.0 = Release|Any CPU
		{8B46DC1F-11E0-4BB7-B943-D6F28743E3C9}.Debug|Any CPU.ActiveCfg = Debug|Any CPU
		{8B46DC1F-11E0-4BB7-B943-D6F28743E3C9}.Debug|Any CPU.Build.0 = Debug|Any CPU
		{8B46DC1F-11E0-4BB7-B943-D6F28743E3C9}.Release|Any CPU.ActiveCfg = Release|Any CPU
		{8B46DC1F-11E0-4BB7-B943-D6F28743E3C9}.Release|Any CPU.Build.0 = Release|Any CPU
		{26D8CD1F-771A-452E-8C37-3C44D0E796A6}.Debug|Any CPU.ActiveCfg = Debug|Any CPU
		{26D8CD1F-771A-452E-8C37-3C44D0E796A6}.Debug|Any CPU.Build.0 = Debug|Any CPU
		{26D8CD1F-771A-452E-8C37-3C44D0E796A6}.Release|Any CPU.ActiveCfg = Release|Any CPU
		{26D8CD1F-771A-452E-8C37-3C44D0E796A6}.Release|Any CPU.Build.0 = Release|Any CPU
		{87FD1B2D-91A7-442F-9B85-8C213FCABB3C}.Debug|Any CPU.ActiveCfg = Debug|Any CPU
		{87FD1B2D-91A7-442F-9B85-8C213FCABB3C}.Debug|Any CPU.Build.0 = Debug|Any CPU
		{87FD1B2D-91A7-442F-9B85-8C213FCABB3C}.Release|Any CPU.ActiveCfg = Release|Any CPU
		{87FD1B2D-91A7-442F-9B85-8C213FCABB3C}.Release|Any CPU.Build.0 = Release|Any CPU
		{3322E5E6-3029-43F6-883E-CFFF6F907484}.Debug|Any CPU.ActiveCfg = Debug|Any CPU
		{3322E5E6-3029-43F6-883E-CFFF6F907484}.Debug|Any CPU.Build.0 = Debug|Any CPU
		{3322E5E6-3029-43F6-883E-CFFF6F907484}.Release|Any CPU.ActiveCfg = Release|Any CPU
		{3322E5E6-3029-43F6-883E-CFFF6F907484}.Release|Any CPU.Build.0 = Release|Any CPU
	EndGlobalSection
	GlobalSection(SolutionProperties) = preSolution
		HideSolutionNode = FALSE
	EndGlobalSection
	GlobalSection(NestedProjects) = preSolution
		{D62E4737-5AD4-4C5B-B209-B0219912194E} = {D2EE4D19-7FE3-4125-9738-74A3EB4A21A5}
		{C2721250-C038-4354-9AE0-6B19DCA5E73E} = {B3A60E1B-E6A2-4D13-B410-8B8F6107E51F}
		{EDA9141C-231B-49F4-8168-BD91B57985F1} = {B3A60E1B-E6A2-4D13-B410-8B8F6107E51F}
		{3466C67E-D6C0-4EB2-AF27-C86F80FB12B2} = {B3A60E1B-E6A2-4D13-B410-8B8F6107E51F}
		{F4F03853-5612-4203-B643-4B55D19D6219} = {F6A60DEB-FE97-4F8D-8292-F245A9283920}
		{05B1DF77-0F12-4A52-84C2-60739AD49355} = {F6A60DEB-FE97-4F8D-8292-F245A9283920}
		{7E893D49-60A9-4570-974A-C718D7B7A1B7} = {D2EE4D19-7FE3-4125-9738-74A3EB4A21A5}
		{A0CB1F92-077E-44AD-A753-6384D6BBCD5B} = {B3A60E1B-E6A2-4D13-B410-8B8F6107E51F}
		{26D8CD1F-771A-452E-8C37-3C44D0E796A6} = {B3A60E1B-E6A2-4D13-B410-8B8F6107E51F}
		{87FD1B2D-91A7-442F-9B85-8C213FCABB3C} = {B3A60E1B-E6A2-4D13-B410-8B8F6107E51F}
		{3322E5E6-3029-43F6-883E-CFFF6F907484} = {F6A60DEB-FE97-4F8D-8292-F245A9283920}
	EndGlobalSection
EndGlobal
